<?xml version="1.0" encoding="utf-8"?>
<Project ToolsVersion="4.0" xmlns="http://schemas.microsoft.com/developer/msbuild/2003">
  <ItemGroup>
    <Filter Include="Game">
      <UniqueIdentifier>{ab828224-370e-4838-aad8-6f075c975359}</UniqueIdentifier>
    </Filter>
    <Filter Include="Game\Common">
      <UniqueIdentifier>{cd7e1b52-69f7-4d03-add3-d60bc3f02230}</UniqueIdentifier>
    </Filter>
    <Filter Include="Game\Assets">
      <UniqueIdentifier>{12d76628-35ac-41da-a64b-d128d08dbb39}</UniqueIdentifier>
    </Filter>
    <Filter Include="Game\Assets\Models">
      <UniqueIdentifier>{914661a5-17bf-4143-a081-6baa4fda7552}</UniqueIdentifier>
    </Filter>
    <Filter Include="Game\Assets\Shaders">
      <UniqueIdentifier>{acbb5958-eba3-4b9a-98d7-555701ddefd1}</UniqueIdentifier>
    </Filter>
    <Filter Include="3rdParty">
      <UniqueIdentifier>{d18d8924-e420-4106-a787-2c76892c1166}</UniqueIdentifier>
    </Filter>
    <Filter Include="3rdParty\DirectXTK">
      <UniqueIdentifier>{b874bbcd-cd12-43c4-9a62-399d925ad217}</UniqueIdentifier>
    </Filter>
    <Filter Include="3rdParty\DirectXTK\Include">
      <UniqueIdentifier>{c9a5e858-92f6-4e96-86ae-d3a55bcdfc20}</UniqueIdentifier>
    </Filter>
    <Filter Include="3rdParty\DirectXTK\Lib">
      <UniqueIdentifier>{7acd42a6-a710-4826-8b07-faa193ea37fd}</UniqueIdentifier>
    </Filter>
    <Filter Include="Game\Scene">
      <UniqueIdentifier>{fd1e8703-6aaa-4169-9aaf-4a85eb6247c7}</UniqueIdentifier>
    </Filter>
    <Filter Include="Game\Resources">
      <UniqueIdentifier>{6b71eaf2-9109-444b-b74a-a3c13f37617c}</UniqueIdentifier>
    </Filter>
    <Filter Include="Game\Resources\Fonts">
      <UniqueIdentifier>{db04916e-6a45-4051-b4e2-f5f325c5bebe}</UniqueIdentifier>
    </Filter>
    <Filter Include="Game\Resources\Icon">
      <UniqueIdentifier>{3792b0bb-fb79-42a5-9d85-2052db4cf932}</UniqueIdentifier>
    </Filter>
    <Filter Include="Game\Resources\Models">
      <UniqueIdentifier>{fe84b319-39e2-4abf-92e7-9a2e21ccc4f1}</UniqueIdentifier>
    </Filter>
    <Filter Include="Game\Resources\Shaders">
      <UniqueIdentifier>{d34f9067-8b07-484e-806f-3a9b1dab1827}</UniqueIdentifier>
    </Filter>
    <Filter Include="Game\Resources\Sounds">
      <UniqueIdentifier>{92810e2c-9a1f-4cb1-8607-6e1fc2c61c98}</UniqueIdentifier>
    </Filter>
    <Filter Include="Game\Resources\Textures">
      <UniqueIdentifier>{09ea98a4-e177-4738-9b60-2e38109d274a}</UniqueIdentifier>
    </Filter>
    <Filter Include="Game\GameObject">
      <UniqueIdentifier>{206adccc-0e65-49e7-9103-b4489c6cd465}</UniqueIdentifier>
    </Filter>
    <Filter Include="Game\Collider">
      <UniqueIdentifier>{0d748e6a-2305-42c0-9fbf-2725694c2fb9}</UniqueIdentifier>
    </Filter>
    <Filter Include="Game\Debug">
      <UniqueIdentifier>{9b45b96a-7f8f-4a61-83ff-f46927ad4e35}</UniqueIdentifier>
    </Filter>
  </ItemGroup>
  <ItemGroup>
    <!-- アプリケーションマニフェスト -->
    <Manifest Include="settings.manifest" />
    <!-- プリコンパイル済みヘッダ -->
    <ClInclude Include="pch.h" />
    <ClCompile Include="pch.cpp" />
    <!-- メイン -->
    <ClCompile Include="Main.cpp" />
    <!-- Gameフォルダ -->
    <!-- ゲーム本体 -->
    <ClInclude Include="Game\Game.h">
      <Filter>Game</Filter>
    </ClInclude>
    <ClCompile Include="Game\Game.cpp">
      <Filter>Game</Filter>
    </ClCompile>
    <!-- 共通 -->
    <ClInclude Include="Game\Common\BinaryFile.h">
      <Filter>Game\Common</Filter>
    </ClInclude>
    <ClCompile Include="Game\Common\BinaryFile.cpp">
      <Filter>Game\Common</Filter>
    </ClCompile>
    <ClInclude Include="Game\Common\DeviceResources.h">
      <Filter>Game\Common</Filter>
    </ClInclude>
    <ClCompile Include="Game\Common\DeviceResources.cpp">
      <Filter>Game\Common</Filter>
    </ClCompile>
    <ClInclude Include="Game\Common\StepTimer.h">
      <Filter>Game\Common</Filter>
    </ClInclude>
    <!-- アセット -->
    <MeshContentTask Include="Game\Assets\Models\WoodenBox.fbx">
      <Filter>Game\Assets\Models</Filter>
    </MeshContentTask>
    <None Include="Game\Assets\Shaders\Particle.hlsli">
      <Filter>Game\Assets\Shaders</Filter>
    </None>
    <FxCompile Include="Game\Assets\Shaders\ParticleGS.hlsl">
      <Filter>Game\Assets\Shaders</Filter>
    </FxCompile>
    <FxCompile Include="Game\Assets\Shaders\ParticlePS.hlsl">
      <Filter>Game\Assets\Shaders</Filter>
    </FxCompile>
    <FxCompile Include="Game\Assets\Shaders\ParticleVS.hlsl">
      <Filter>Game\Assets\Shaders</Filter>
    </FxCompile>
    <!-- 3rdPartyフォルダ -->
    <!-- DirectXTK -->
    <!-- プロパティシート -->
    <None Include="3rdParty\DirectXTK\DirectXTK.props">
      <Filter>3rdParty\DirectXTK</Filter>
    </None>
    <!-- ヘッダリスト -->
    <ClInclude Include="3rdParty\DirectXTK\DirectXTKHeaderList.h">
      <Filter>3rdParty\DirectXTK</Filter>
    </ClInclude>
    <!-- ライブラリヘッダ -->
    <ClInclude Include="3rdParty\DirectXTK\Include\DirectXTK\CommonStates.h">
      <Filter>3rdParty\DirectXTK\Include</Filter>
    </ClInclude>
    <ClInclude Include="3rdParty\DirectXTK\Include\DirectXTK\DDSTextureLoader.h">
      <Filter>3rdParty\DirectXTK\Include</Filter>
    </ClInclude>
    <ClInclude Include="3rdParty\DirectXTK\Include\DirectXTK\DirectXHelpers.h">
      <Filter>3rdParty\DirectXTK\Include</Filter>
    </ClInclude>
    <ClInclude Include="3rdParty\DirectXTK\Include\DirectXTK\Effects.h">
      <Filter>3rdParty\DirectXTK\Include</Filter>
    </ClInclude>
    <ClInclude Include="3rdParty\DirectXTK\Include\DirectXTK\GamePad.h">
      <Filter>3rdParty\DirectXTK\Include</Filter>
    </ClInclude>
    <ClInclude Include="3rdParty\DirectXTK\Include\DirectXTK\GeometricPrimitive.h">
      <Filter>3rdParty\DirectXTK\Include</Filter>
    </ClInclude>
    <ClInclude Include="3rdParty\DirectXTK\Include\DirectXTK\GraphicsMemory.h">
      <Filter>3rdParty\DirectXTK\Include</Filter>
    </ClInclude>
    <ClInclude Include="3rdParty\DirectXTK\Include\DirectXTK\Keyboard.h">
      <Filter>3rdParty\DirectXTK\Include</Filter>
    </ClInclude>
    <ClInclude Include="3rdParty\DirectXTK\Include\DirectXTK\Model.h">
      <Filter>3rdParty\DirectXTK\Include</Filter>
    </ClInclude>
    <ClInclude Include="3rdParty\DirectXTK\Include\DirectXTK\Mouse.h">
      <Filter>3rdParty\DirectXTK\Include</Filter>
    </ClInclude>
    <ClInclude Include="3rdParty\DirectXTK\Include\DirectXTK\PostProcess.h">
      <Filter>3rdParty\DirectXTK\Include</Filter>
    </ClInclude>
    <ClInclude Include="3rdParty\DirectXTK\Include\DirectXTK\PrimitiveBatch.h">
      <Filter>3rdParty\DirectXTK\Include</Filter>
    </ClInclude>
    <ClInclude Include="3rdParty\DirectXTK\Include\DirectXTK\ScreenGrab.h">
      <Filter>3rdParty\DirectXTK\Include</Filter>
    </ClInclude>
    <ClInclude Include="3rdParty\DirectXTK\Include\DirectXTK\SimpleMath.h">
      <Filter>3rdParty\DirectXTK\Include</Filter>
    </ClInclude>
    <None Include="3rdParty\DirectXTK\Include\DirectXTK\SimpleMath.inl">
      <Filter>3rdParty\DirectXTK\Include</Filter>
    </None>
    <ClInclude Include="3rdParty\DirectXTK\Include\DirectXTK\SpriteBatch.h">
      <Filter>3rdParty\DirectXTK\Include</Filter>
    </ClInclude>
    <ClInclude Include="3rdParty\DirectXTK\Include\DirectXTK\SpriteFont.h">
      <Filter>3rdParty\DirectXTK\Include</Filter>
    </ClInclude>
    <ClInclude Include="3rdParty\DirectXTK\Include\DirectXTK\VertexTypes.h">
      <Filter>3rdParty\DirectXTK\Include</Filter>
    </ClInclude>
    <ClInclude Include="3rdParty\DirectXTK\Include\DirectXTK\WICTextureLoader.h">
      <Filter>3rdParty\DirectXTK\Include</Filter>
    </ClInclude>
    <!-- ライブラリ -->
    <Library Include="3rdParty\DirectXTK\Lib\DirectXTK.lib">
      <Filter>3rdParty\DirectXTK\Lib</Filter>
    </Library>
    <Library Include="3rdParty\DirectXTK\Lib\DirectXTKd.lib">
      <Filter>3rdParty\DirectXTK\Lib</Filter>
    </Library>
    <None Include="3rdParty\DirectXTK\Lib\DirectXTKd.pdb">
      <Filter>3rdParty\DirectXTK\Lib</Filter>
    </None>
    <!-- Resources -->
    <!-- アイコン -->
    <Image Include="Resources\Icon\Icon.ico">
      <Filter>Game\Resources\Icon</Filter>
    </Image>
    <ResourceCompile Include="Resources\Icon\Icon.rc">
      <Filter>Game\Resources\Icon</Filter>
    </ResourceCompile>
    <!-- フォント -->
    <None Include="Resources\Fonts\SegoeUI_18.spritefont">
      <Filter>Game\Resources\Fonts</Filter>
    </None>
    <!-- テクスチャ -->
    <Image Include="Resources\Textures\TridentLogo.png">
      <Filter>Game\Resources\Textures</Filter>
    </Image>
  </ItemGroup>
  <ItemGroup>
    <ClCompile Include="Game\Scene\BaseScene.cpp">
      <Filter>Game\Scene</Filter>
    </ClCompile>
    <ClCompile Include="Game\Scene\LogoScene.cpp">
      <Filter>Game\Scene</Filter>
    </ClCompile>
    <ClCompile Include="Game\Scene\PlayScene.cpp">
      <Filter>Game\Scene</Filter>
    </ClCompile>
    <ClCompile Include="Game\Scene\ResultScene.cpp">
      <Filter>Game\Scene</Filter>
    </ClCompile>
    <ClCompile Include="Game\Scene\SceneManager.cpp">
      <Filter>Game\Scene</Filter>
    </ClCompile>
    <ClCompile Include="Game\Scene\TitleScene.cpp">
      <Filter>Game\Scene</Filter>
    </ClCompile>
    <ClCompile Include="Game\Common\FixCamera.cpp">
      <Filter>Game\Common</Filter>
    </ClCompile>
    <ClCompile Include="Game\Common\FollowComera.cpp">
      <Filter>Game\Common</Filter>
    </ClCompile>
    <ClCompile Include="Game\GameObject\Box.cpp">
      <Filter>Game\GameObject</Filter>
    </ClCompile>
    <ClCompile Include="Game\GameObject\GameObject.cpp">
      <Filter>Game\GameObject</Filter>
    </ClCompile>
    <ClCompile Include="Game\GameObject\GameObjectManager.cpp">
      <Filter>Game\GameObject</Filter>
    </ClCompile>
    <ClCompile Include="Game\Collider\Collider.cpp">
      <Filter>Game\Collider</Filter>
    </ClCompile>
    <ClCompile Include="Game\Collider\CollisionManager.cpp">
      <Filter>Game\Collider</Filter>
    </ClCompile>
    <ClCompile Include="Game\Collider\BoxCollider.cpp">
      <Filter>Game\Collider</Filter>
    </ClCompile>
    <ClCompile Include="Game\Collider\SphereCollider.cpp">
      <Filter>Game\Collider</Filter>
    </ClCompile>
    <ClCompile Include="Game\Collider\CapsuleCollider.cpp">
      <Filter>Game\Collider</Filter>
    </ClCompile>
    <ClCompile Include="Game\Debug\GridFloor.cpp">
      <Filter>Game\Debug</Filter>
    </ClCompile>
    <ClCompile Include="Game\GameObject\Player.cpp">
      <Filter>Game\GameObject</Filter>
    </ClCompile>
    <ClCompile Include="Game\GameObject\Bullet.cpp">
      <Filter>Game\GameObject</Filter>
    </ClCompile>
    <ClCompile Include="Game\GameObject\Enemy.cpp">
      <Filter>Game\GameObject</Filter>
    </ClCompile>
    <ClCompile Include="Game\GameObject\Part.cpp">
      <Filter>Game\GameObject</Filter>
    </ClCompile>
    <ClCompile Include="Game\GameObject\Humberger.cpp">
      <Filter>Game\GameObject</Filter>
    </ClCompile>
  </ItemGroup>
  <ItemGroup>
    <ClInclude Include="Game\Scene\BaseScene.h">
      <Filter>Game\Scene</Filter>
    </ClInclude>
    <ClInclude Include="Game\Scene\LogoScene.h">
      <Filter>Game\Scene</Filter>
    </ClInclude>
    <ClInclude Include="Game\Scene\PlayScene.h">
      <Filter>Game\Scene</Filter>
    </ClInclude>
    <ClInclude Include="Game\Scene\ResultScene.h">
      <Filter>Game\Scene</Filter>
    </ClInclude>
    <ClInclude Include="Game\Scene\SceneManager.h">
      <Filter>Game\Scene</Filter>
    </ClInclude>
    <ClInclude Include="Game\Scene\TitleScene.h">
      <Filter>Game\Scene</Filter>
    </ClInclude>
    <ClInclude Include="Game\Common\FixCamera.h">
      <Filter>Game\Common</Filter>
    </ClInclude>
    <ClInclude Include="Game\Common\FollowComera.h">
      <Filter>Game\Common</Filter>
    </ClInclude>
    <ClInclude Include="Game\GameObject\Box.h">
      <Filter>Game\GameObject</Filter>
    </ClInclude>
    <ClInclude Include="Game\GameObject\GameObject.h">
      <Filter>Game\GameObject</Filter>
    </ClInclude>
    <ClInclude Include="Game\GameObject\GameObjectManager.h">
      <Filter>Game\GameObject</Filter>
    </ClInclude>
    <ClInclude Include="Game\Collider\Collider.h">
      <Filter>Game\Collider</Filter>
    </ClInclude>
    <ClInclude Include="Game\Collider\CollisionManager.h">
      <Filter>Game\Collider</Filter>
    </ClInclude>
    <ClInclude Include="Game\Collider\BoxCollider.h">
      <Filter>Game\Collider</Filter>
    </ClInclude>
    <ClInclude Include="Game\Collider\SphereCollider.h">
      <Filter>Game\Collider</Filter>
    </ClInclude>
    <ClInclude Include="Game\Collider\CapsuleCollider.h">
      <Filter>Game\Collider</Filter>
    </ClInclude>
    <ClInclude Include="Game\Common\Utilities.h">
      <Filter>Game\Common</Filter>
    </ClInclude>
    <ClInclude Include="Game\Debug\GridFloor.h">
      <Filter>Game\Debug</Filter>
    </ClInclude>
    <ClInclude Include="Game\GameObject\Player.h">
      <Filter>Game\GameObject</Filter>
    </ClInclude>
    <ClInclude Include="Game\GameObject\Bullet.h">
      <Filter>Game\GameObject</Filter>
    </ClInclude>
    <ClInclude Include="Game\GameObject\Enemy.h">
      <Filter>Game\GameObject</Filter>
    </ClInclude>
    <ClInclude Include="Game\GameObject\Part.h">
      <Filter>Game\GameObject</Filter>
    </ClInclude>
    <ClInclude Include="Game\GameObject\Humberger.h">
      <Filter>Game\GameObject</Filter>
    </ClInclude>
  </ItemGroup>
</Project>